// !$*UTF8*$!
{
	archiveVersion = 1;
	classes = {
	};
	objectVersion = 46;
	objects = {

/* Begin PBXBuildFile section */
		C97FB4D318D80615008E29DF /* Foundation.framework in Frameworks */ = {isa = PBXBuildFile; fileRef = C97FB4D218D80615008E29DF /* Foundation.framework */; };
		C97FB4D518D80615008E29DF /* CoreGraphics.framework in Frameworks */ = {isa = PBXBuildFile; fileRef = C97FB4D418D80615008E29DF /* CoreGraphics.framework */; };
		C97FB4D718D80615008E29DF /* UIKit.framework in Frameworks */ = {isa = PBXBuildFile; fileRef = C97FB4D618D80615008E29DF /* UIKit.framework */; };
		C97FB4DD18D80615008E29DF /* InfoPlist.strings in Resources */ = {isa = PBXBuildFile; fileRef = C97FB4DB18D80615008E29DF /* InfoPlist.strings */; };
		C97FB4DF18D80615008E29DF /* main.m in Sources */ = {isa = PBXBuildFile; fileRef = C97FB4DE18D80615008E29DF /* main.m */; };
		C97FB4E318D80615008E29DF /* MVAppDelegate.m in Sources */ = {isa = PBXBuildFile; fileRef = C97FB4E218D80615008E29DF /* MVAppDelegate.m */; };
		C97FB4E618D80615008E29DF /* Main.storyboard in Resources */ = {isa = PBXBuildFile; fileRef = C97FB4E418D80615008E29DF /* Main.storyboard */; };
		C97FB4E918D80615008E29DF /* MVMasterViewController.m in Sources */ = {isa = PBXBuildFile; fileRef = C97FB4E818D80615008E29DF /* MVMasterViewController.m */; };
		C97FB4EC18D80615008E29DF /* MVDetailViewController.m in Sources */ = {isa = PBXBuildFile; fileRef = C97FB4EB18D80615008E29DF /* MVDetailViewController.m */; };
		C97FB4EE18D80615008E29DF /* Images.xcassets in Resources */ = {isa = PBXBuildFile; fileRef = C97FB4ED18D80615008E29DF /* Images.xcassets */; };
		C97FB4F518D80615008E29DF /* XCTest.framework in Frameworks */ = {isa = PBXBuildFile; fileRef = C97FB4F418D80615008E29DF /* XCTest.framework */; };
		C97FB4F618D80615008E29DF /* Foundation.framework in Frameworks */ = {isa = PBXBuildFile; fileRef = C97FB4D218D80615008E29DF /* Foundation.framework */; };
		C97FB4F718D80615008E29DF /* UIKit.framework in Frameworks */ = {isa = PBXBuildFile; fileRef = C97FB4D618D80615008E29DF /* UIKit.framework */; };
		C97FB4FF18D80615008E29DF /* InfoPlist.strings in Resources */ = {isa = PBXBuildFile; fileRef = C97FB4FD18D80615008E29DF /* InfoPlist.strings */; };
		C97FB50118D80615008E29DF /* CocoaPods_NetworkingTests.m in Sources */ = {isa = PBXBuildFile; fileRef = C97FB50018D80615008E29DF /* CocoaPods_NetworkingTests.m */; };
/* End PBXBuildFile section */

/* Begin PBXContainerItemProxy section */
		C97FB4F818D80615008E29DF /* PBXContainerItemProxy */ = {
			isa = PBXContainerItemProxy;
			containerPortal = C97FB4C718D80614008E29DF /* Project object */;
			proxyType = 1;
			remoteGlobalIDString = C97FB4CE18D80615008E29DF;
			remoteInfo = "CocoaPods-Networking";
		};
/* End PBXContainerItemProxy section */

/* Begin PBXFileReference section */
		C97FB4CF18D80615008E29DF /* CocoaPods-Networking.app */ = {isa = PBXFileReference; explicitFileType = wrapper.application; includeInIndex = 0; path = "CocoaPods-Networking.app"; sourceTree = BUILT_PRODUCTS_DIR; };
		C97FB4D218D80615008E29DF /* Foundation.framework */ = {isa = PBXFileReference; lastKnownFileType = wrapper.framework; name = Foundation.framework; path = System/Library/Frameworks/Foundation.framework; sourceTree = SDKROOT; };
		C97FB4D418D80615008E29DF /* CoreGraphics.framework */ = {isa = PBXFileReference; lastKnownFileType = wrapper.framework; name = CoreGraphics.framework; path = System/Library/Frameworks/CoreGraphics.framework; sourceTree = SDKROOT; };
		C97FB4D618D80615008E29DF /* UIKit.framework */ = {isa = PBXFileReference; lastKnownFileType = wrapper.framework; name = UIKit.framework; path = System/Library/Frameworks/UIKit.framework; sourceTree = SDKROOT; };
		C97FB4DA18D80615008E29DF /* CocoaPods-Networking-Info.plist */ = {isa = PBXFileReference; lastKnownFileType = text.plist.xml; path = "CocoaPods-Networking-Info.plist"; sourceTree = "<group>"; };
		C97FB4DC18D80615008E29DF /* en */ = {isa = PBXFileReference; lastKnownFileType = text.plist.strings; name = en; path = en.lproj/InfoPlist.strings; sourceTree = "<group>"; };
		C97FB4DE18D80615008E29DF /* main.m */ = {isa = PBXFileReference; lastKnownFileType = sourcecode.c.objc; path = main.m; sourceTree = "<group>"; };
		C97FB4E018D80615008E29DF /* CocoaPods-Networking-Prefix.pch */ = {isa = PBXFileReference; lastKnownFileType = sourcecode.c.h; path = "CocoaPods-Networking-Prefix.pch"; sourceTree = "<group>"; };
		C97FB4E118D80615008E29DF /* MVAppDelegate.h */ = {isa = PBXFileReference; lastKnownFileType = sourcecode.c.h; path = MVAppDelegate.h; sourceTree = "<group>"; };
		C97FB4E218D80615008E29DF /* MVAppDelegate.m */ = {isa = PBXFileReference; lastKnownFileType = sourcecode.c.objc; path = MVAppDelegate.m; sourceTree = "<group>"; };
		C97FB4E518D80615008E29DF /* Base */ = {isa = PBXFileReference; lastKnownFileType = file.storyboard; name = Base; path = Base.lproj/Main.storyboard; sourceTree = "<group>"; };
		C97FB4E718D80615008E29DF /* MVMasterViewController.h */ = {isa = PBXFileReference; lastKnownFileType = sourcecode.c.h; path = MVMasterViewController.h; sourceTree = "<group>"; };
		C97FB4E818D80615008E29DF /* MVMasterViewController.m */ = {isa = PBXFileReference; lastKnownFileType = sourcecode.c.objc; path = MVMasterViewController.m; sourceTree = "<group>"; };
		C97FB4EA18D80615008E29DF /* MVDetailViewController.h */ = {isa = PBXFileReference; lastKnownFileType = sourcecode.c.h; path = MVDetailViewController.h; sourceTree = "<group>"; };
		C97FB4EB18D80615008E29DF /* MVDetailViewController.m */ = {isa = PBXFileReference; lastKnownFileType = sourcecode.c.objc; path = MVDetailViewController.m; sourceTree = "<group>"; };
		C97FB4ED18D80615008E29DF /* Images.xcassets */ = {isa = PBXFileReference; lastKnownFileType = folder.assetcatalog; path = Images.xcassets; sourceTree = "<group>"; };
		C97FB4F318D80615008E29DF /* CocoaPods-NetworkingTests.xctest */ = {isa = PBXFileReference; explicitFileType = wrapper.cfbundle; includeInIndex = 0; path = "CocoaPods-NetworkingTests.xctest"; sourceTree = BUILT_PRODUCTS_DIR; };
		C97FB4F418D80615008E29DF /* XCTest.framework */ = {isa = PBXFileReference; lastKnownFileType = wrapper.framework; name = XCTest.framework; path = Library/Frameworks/XCTest.framework; sourceTree = DEVELOPER_DIR; };
		C97FB4FC18D80615008E29DF /* CocoaPods-NetworkingTests-Info.plist */ = {isa = PBXFileReference; lastKnownFileType = text.plist.xml; path = "CocoaPods-NetworkingTests-Info.plist"; sourceTree = "<group>"; };
		C97FB4FE18D80615008E29DF /* en */ = {isa = PBXFileReference; lastKnownFileType = text.plist.strings; name = en; path = en.lproj/InfoPlist.strings; sourceTree = "<group>"; };
		C97FB50018D80615008E29DF /* CocoaPods_NetworkingTests.m */ = {isa = PBXFileReference; lastKnownFileType = sourcecode.c.objc; path = CocoaPods_NetworkingTests.m; sourceTree = "<group>"; };
/* End PBXFileReference section */

/* Begin PBXFrameworksBuildPhase section */
		C97FB4CC18D80615008E29DF /* Frameworks */ = {
			isa = PBXFrameworksBuildPhase;
			buildActionMask = 2147483647;
			files = (
				C97FB4D518D80615008E29DF /* CoreGraphics.framework in Frameworks */,
				C97FB4D718D80615008E29DF /* UIKit.framework in Frameworks */,
				C97FB4D318D80615008E29DF /* Foundation.framework in Frameworks */,
			);
			runOnlyForDeploymentPostprocessing = 0;
		};
		C97FB4F018D80615008E29DF /* Frameworks */ = {
			isa = PBXFrameworksBuildPhase;
			buildActionMask = 2147483647;
			files = (
				C97FB4F518D80615008E29DF /* XCTest.framework in Frameworks */,
				C97FB4F718D80615008E29DF /* UIKit.framework in Frameworks */,
				C97FB4F618D80615008E29DF /* Foundation.framework in Frameworks */,
			);
			runOnlyForDeploymentPostprocessing = 0;
		};
/* End PBXFrameworksBuildPhase section */

/* Begin PBXGroup section */
		C97FB4C618D80614008E29DF = {
			isa = PBXGroup;
			children = (
				C97FB4D818D80615008E29DF /* CocoaPods-Networking */,
				C97FB4FA18D80615008E29DF /* CocoaPods-NetworkingTests */,
				C97FB4D118D80615008E29DF /* Frameworks */,
				C97FB4D018D80615008E29DF /* Products */,
			);
			sourceTree = "<group>";
		};
		C97FB4D018D80615008E29DF /* Products */ = {
			isa = PBXGroup;
			children = (
				C97FB4CF18D80615008E29DF /* CocoaPods-Networking.app */,
				C97FB4F318D80615008E29DF /* CocoaPods-NetworkingTests.xctest */,
			);
			name = Products;
			sourceTree = "<group>";
		};
		C97FB4D118D80615008E29DF /* Frameworks */ = {
			isa = PBXGroup;
			children = (
				C97FB4D218D80615008E29DF /* Foundation.framework */,
				C97FB4D418D80615008E29DF /* CoreGraphics.framework */,
				C97FB4D618D80615008E29DF /* UIKit.framework */,
				C97FB4F418D80615008E29DF /* XCTest.framework */,
			);
			name = Frameworks;
			sourceTree = "<group>";
		};
		C97FB4D818D80615008E29DF /* CocoaPods-Networking */ = {
			isa = PBXGroup;
			children = (
				C97FB4E118D80615008E29DF /* MVAppDelegate.h */,
				C97FB4E218D80615008E29DF /* MVAppDelegate.m */,
				C97FB4E418D80615008E29DF /* Main.storyboard */,
				C97FB4E718D80615008E29DF /* MVMasterViewController.h */,
				C97FB4E818D80615008E29DF /* MVMasterViewController.m */,
				C97FB4EA18D80615008E29DF /* MVDetailViewController.h */,
				C97FB4EB18D80615008E29DF /* MVDetailViewController.m */,
				C97FB4ED18D80615008E29DF /* Images.xcassets */,
				C97FB4D918D80615008E29DF /* Supporting Files */,
			);
			path = "CocoaPods-Networking";
			sourceTree = "<group>";
		};
		C97FB4D918D80615008E29DF /* Supporting Files */ = {
			isa = PBXGroup;
			children = (
				C97FB4DA18D80615008E29DF /* CocoaPods-Networking-Info.plist */,
				C97FB4DB18D80615008E29DF /* InfoPlist.strings */,
				C97FB4DE18D80615008E29DF /* main.m */,
				C97FB4E018D80615008E29DF /* CocoaPods-Networking-Prefix.pch */,
			);
			name = "Supporting Files";
			sourceTree = "<group>";
		};
		C97FB4FA18D80615008E29DF /* CocoaPods-NetworkingTests */ = {
			isa = PBXGroup;
			children = (
				C97FB50018D80615008E29DF /* CocoaPods_NetworkingTests.m */,
				C97FB4FB18D80615008E29DF /* Supporting Files */,
			);
			path = "CocoaPods-NetworkingTests";
			sourceTree = "<group>";
		};
		C97FB4FB18D80615008E29DF /* Supporting Files */ = {
			isa = PBXGroup;
			children = (
				C97FB4FC18D80615008E29DF /* CocoaPods-NetworkingTests-Info.plist */,
				C97FB4FD18D80615008E29DF /* InfoPlist.strings */,
			);
			name = "Supporting Files";
			sourceTree = "<group>";
		};
/* End PBXGroup section */

/* Begin PBXNativeTarget section */
		C97FB4CE18D80615008E29DF /* CocoaPods-Networking */ = {
			isa = PBXNativeTarget;
			buildConfigurationList = C97FB50418D80615008E29DF /* Build configuration list for PBXNativeTarget "CocoaPods-Networking" */;
			buildPhases = (
				C97FB4CB18D80615008E29DF /* Sources */,
				C97FB4CC18D80615008E29DF /* Frameworks */,
				C97FB4CD18D80615008E29DF /* Resources */,
			);
			buildRules = (
			);
			dependencies = (
			);
			name = "CocoaPods-Networking";
			productName = "CocoaPods-Networking";
			productReference = C97FB4CF18D80615008E29DF /* CocoaPods-Networking.app */;
			productType = "com.apple.product-type.application";
		};
		C97FB4F218D80615008E29DF /* CocoaPods-NetworkingTests */ = {
			isa = PBXNativeTarget;
			buildConfigurationList = C97FB50718D80615008E29DF /* Build configuration list for PBXNativeTarget "CocoaPods-NetworkingTests" */;
			buildPhases = (
				C97FB4EF18D80615008E29DF /* Sources */,
				C97FB4F018D80615008E29DF /* Frameworks */,
				C97FB4F118D80615008E29DF /* Resources */,
			);
			buildRules = (
			);
			dependencies = (
				C97FB4F918D80615008E29DF /* PBXTargetDependency */,
			);
			name = "CocoaPods-NetworkingTests";
			productName = "CocoaPods-NetworkingTests";
			productReference = C97FB4F318D80615008E29DF /* CocoaPods-NetworkingTests.xctest */;
			productType = "com.apple.product-type.bundle.unit-test";
		};
/* End PBXNativeTarget section */

/* Begin PBXProject section */
		C97FB4C718D80614008E29DF /* Project object */ = {
			isa = PBXProject;
			attributes = {
				CLASSPREFIX = MV;
				LastUpgradeCheck = 0510;
				ORGANIZATIONNAME = "Matthew Voss";
				TargetAttributes = {
					C97FB4F218D80615008E29DF = {
						TestTargetID = C97FB4CE18D80615008E29DF;
					};
				};
			};
			buildConfigurationList = C97FB4CA18D80615008E29DF /* Build configuration list for PBXProject "CocoaPods-Networking" */;
			compatibilityVersion = "Xcode 3.2";
			developmentRegion = English;
			hasScannedForEncodings = 0;
			knownRegions = (
				en,
				Base,
			);
			mainGroup = C97FB4C618D80614008E29DF;
			productRefGroup = C97FB4D018D80615008E29DF /* Products */;
			projectDirPath = "";
			projectRoot = "";
			targets = (
				C97FB4CE18D80615008E29DF /* CocoaPods-Networking */,
				C97FB4F218D80615008E29DF /* CocoaPods-NetworkingTests */,
			);
		};
/* End PBXProject section */

/* Begin PBXResourcesBuildPhase section */
		C97FB4CD18D80615008E29DF /* Resources */ = {
			isa = PBXResourcesBuildPhase;
			buildActionMask = 2147483647;
			files = (
				C97FB4EE18D80615008E29DF /* Images.xcassets in Resources */,
				C97FB4DD18D80615008E29DF /* InfoPlist.strings in Resources */,
				C97FB4E618D80615008E29DF /* Main.storyboard in Resources */,
			);
			runOnlyForDeploymentPostprocessing = 0;
		};
		C97FB4F118D80615008E29DF /* Resources */ = {
			isa = PBXResourcesBuildPhase;
			buildActionMask = 2147483647;
			files = (
				C97FB4FF18D80615008E29DF /* InfoPlist.strings in Resources */,
			);
			runOnlyForDeploymentPostprocessing = 0;
		};
/* End PBXResourcesBuildPhase section */

/* Begin PBXSourcesBuildPhase section */
		C97FB4CB18D80615008E29DF /* Sources */ = {
			isa = PBXSourcesBuildPhase;
			buildActionMask = 2147483647;
			files = (
				C97FB4EC18D80615008E29DF /* MVDetailViewController.m in Sources */,
				C97FB4DF18D80615008E29DF /* main.m in Sources */,
				C97FB4E318D80615008E29DF /* MVAppDelegate.m in Sources */,
				C97FB4E918D80615008E29DF /* MVMasterViewController.m in Sources */,
			);
			runOnlyForDeploymentPostprocessing = 0;
		};
		C97FB4EF18D80615008E29DF /* Sources */ = {
			isa = PBXSourcesBuildPhase;
			buildActionMask = 2147483647;
			files = (
				C97FB50118D80615008E29DF /* CocoaPods_NetworkingTests.m in Sources */,
			);
			runOnlyForDeploymentPostprocessing = 0;
		};
/* End PBXSourcesBuildPhase section */

/* Begin PBXTargetDependency section */
		C97FB4F918D80615008E29DF /* PBXTargetDependency */ = {
			isa = PBXTargetDependency;
			target = C97FB4CE18D80615008E29DF /* CocoaPods-Networking */;
			targetProxy = C97FB4F818D80615008E29DF /* PBXContainerItemProxy */;
		};
/* End PBXTargetDependency section */

/* Begin PBXVariantGroup section */
		C97FB4DB18D80615008E29DF /* InfoPlist.strings */ = {
			isa = PBXVariantGroup;
			children = (
				C97FB4DC18D80615008E29DF /* en */,
			);
			name = InfoPlist.strings;
			sourceTree = "<group>";
		};
		C97FB4E418D80615008E29DF /* Main.storyboard */ = {
			isa = PBXVariantGroup;
			children = (
				C97FB4E518D80615008E29DF /* Base */,
			);
			name = Main.storyboard;
			sourceTree = "<group>";
		};
		C97FB4FD18D80615008E29DF /* InfoPlist.strings */ = {
			isa = PBXVariantGroup;
			children = (
				C97FB4FE18D80615008E29DF /* en */,
			);
			name = InfoPlist.strings;
			sourceTree = "<group>";
		};
/* End PBXVariantGroup section */

/* Begin XCBuildConfiguration section */
		C97FB50218D80615008E29DF /* Debug */ = {
			isa = XCBuildConfiguration;
			buildSettings = {
				ALWAYS_SEARCH_USER_PATHS = NO;
				CLANG_CXX_LANGUAGE_STANDARD = "gnu++0x";
				CLANG_CXX_LIBRARY = "libc++";
				CLANG_ENABLE_MODULES = YES;
				CLANG_ENABLE_OBJC_ARC = YES;
				CLANG_WARN_BOOL_CONVERSION = YES;
				CLANG_WARN_CONSTANT_CONVERSION = YES;
				CLANG_WARN_DIRECT_OBJC_ISA_USAGE = YES_ERROR;
				CLANG_WARN_EMPTY_BODY = YES;
				CLANG_WARN_ENUM_CONVERSION = YES;
				CLANG_WARN_INT_CONVERSION = YES;
				CLANG_WARN_OBJC_ROOT_CLASS = YES_ERROR;
				CLANG_WARN__DUPLICATE_METHOD_MATCH = YES;
				"CODE_SIGN_IDENTITY[sdk=iphoneos*]" = "iPhone Developer";
				COPY_PHASE_STRIP = NO;
				GCC_C_LANGUAGE_STANDARD = gnu99;
				GCC_DYNAMIC_NO_PIC = NO;
				GCC_OPTIMIZATION_LEVEL = 0;
				GCC_PREPROCESSOR_DEFINITIONS = (
					"DEBUG=1",
					"$(inherited)",
				);
				GCC_SYMBOLS_PRIVATE_EXTERN = NO;
				GCC_WARN_64_TO_32_BIT_CONVERSION = YES;
				GCC_WARN_ABOUT_RETURN_TYPE = YES_ERROR;
				GCC_WARN_UNDECLARED_SELECTOR = YES;
				GCC_WARN_UNINITIALIZED_AUTOS = YES_AGGRESSIVE;
				GCC_WARN_UNUSED_FUNCTION = YES;
				GCC_WARN_UNUSED_VARIABLE = YES;
				IPHONEOS_DEPLOYMENT_TARGET = 7.1;
				ONLY_ACTIVE_ARCH = YES;
				SDKROOT = iphoneos;
				TARGETED_DEVICE_FAMILY = 2;
			};
			name = Debug;
		};
		C97FB50318D80615008E29DF /* Release */ = {
			isa = XCBuildConfiguration;
			buildSettings = {
				ALWAYS_SEARCH_USER_PATHS = NO;
				CLANG_CXX_LANGUAGE_STANDARD = "gnu++0x";
				CLANG_CXX_LIBRARY = "libc++";
				CLANG_ENABLE_MODULES = YES;
				CLANG_ENABLE_OBJC_ARC = YES;
				CLANG_WARN_BOOL_CONVERSION = YES;
				CLANG_WARN_CONSTANT_CONVERSION = YES;
				CLANG_WARN_DIRECT_OBJC_ISA_USAGE = YES_ERROR;
				CLANG_WARN_EMPTY_BODY = YES;
				CLANG_WARN_ENUM_CONVERSION = YES;
				CLANG_WARN_INT_CONVERSION = YES;
				CLANG_WARN_OBJC_ROOT_CLASS = YES_ERROR;
				CLANG_WARN__DUPLICATE_METHOD_MATCH = YES;
				"CODE_SIGN_IDENTITY[sdk=iphoneos*]" = "iPhone Developer";
				COPY_PHASE_STRIP = YES;
				ENABLE_NS_ASSERTIONS = NO;
				GCC_C_LANGUAGE_STANDARD = gnu99;
				GCC_WARN_64_TO_32_BIT_CONVERSION = YES;
				GCC_WARN_ABOUT_RETURN_TYPE = YES_ERROR;
				GCC_WARN_UNDECLARED_SELECTOR = YES;
				GCC_WARN_UNINITIALIZED_AUTOS = YES_AGGRESSIVE;
				GCC_WARN_UNUSED_FUNCTION = YES;
				GCC_WARN_UNUSED_VARIABLE = YES;
				IPHONEOS_DEPLOYMENT_TARGET = 7.1;
				SDKROOT = iphoneos;
				TARGETED_DEVICE_FAMILY = 2;
				VALIDATE_PRODUCT = YES;
			};
			name = Release;
		};
		C97FB50518D80615008E29DF /* Debug */ = {
			isa = XCBuildConfiguration;
			buildSettings = {
				ASSETCATALOG_COMPILER_APPICON_NAME = AppIcon;
				ASSETCATALOG_COMPILER_LAUNCHIMAGE_NAME = LaunchImage;
				GCC_PRECOMPILE_PREFIX_HEADER = YES;
				GCC_PREFIX_HEADER = "CocoaPods-Networking/CocoaPods-Networking-Prefix.pch";
				INFOPLIST_FILE = "CocoaPods-Networking/CocoaPods-Networking-Info.plist";
				PRODUCT_NAME = "$(TARGET_NAME)";
				WRAPPER_EXTENSION = app;
			};
			name = Debug;
		};
		C97FB50618D80615008E29DF /* Release */ = {
			isa = XCBuildConfiguration;
			buildSettings = {
				ASSETCATALOG_COMPILER_APPICON_NAME = AppIcon;
				ASSETCATALOG_COMPILER_LAUNCHIMAGE_NAME = LaunchImage;
				GCC_PRECOMPILE_PREFIX_HEADER = YES;
				GCC_PREFIX_HEADER = "CocoaPods-Networking/CocoaPods-Networking-Prefix.pch";
				INFOPLIST_FILE = "CocoaPods-Networking/CocoaPods-Networking-Info.plist";
				PRODUCT_NAME = "$(TARGET_NAME)";
				WRAPPER_EXTENSION = app;
			};
			name = Release;
		};
		C97FB50818D80615008E29DF /* Debug */ = {
			isa = XCBuildConfiguration;
			buildSettings = {
				BUNDLE_LOADER = "$(BUILT_PRODUCTS_DIR)/CocoaPods-Networking.app/CocoaPods-Networking";
				FRAMEWORK_SEARCH_PATHS = (
					"$(SDKROOT)/Developer/Library/Frameworks",
					"$(inherited)",
					"$(DEVELOPER_FRAMEWORKS_DIR)",
				);
				GCC_PRECOMPILE_PREFIX_HEADER = YES;
				GCC_PREFIX_HEADER = "CocoaPods-Networking/CocoaPods-Networking-Prefix.pch";
				GCC_PREPROCESSOR_DEFINITIONS = (
					"DEBUG=1",
					"$(inherited)",
				);
				INFOPLIST_FILE = "CocoaPods-NetworkingTests/CocoaPods-NetworkingTests-Info.plist";
				PRODUCT_NAME = "$(TARGET_NAME)";
				TEST_HOST = "$(BUNDLE_LOADER)";
				WRAPPER_EXTENSION = xctest;
			};
			name = Debug;
		};
		C97FB50918D80615008E29DF /* Release */ = {
			isa = XCBuildConfiguration;
			buildSettings = {
				BUNDLE_LOADER = "$(BUILT_PRODUCTS_DIR)/CocoaPods-Networking.app/CocoaPods-Networking";
				FRAMEWORK_SEARCH_PATHS = (
					"$(SDKROOT)/Developer/Library/Frameworks",
					"$(inherited)",
					"$(DEVELOPER_FRAMEWORKS_DIR)",
				);
				GCC_PRECOMPILE_PREFIX_HEADER = YES;
				GCC_PREFIX_HEADER = "CocoaPods-Networking/CocoaPods-Networking-Prefix.pch";
				INFOPLIST_FILE = "CocoaPods-NetworkingTests/CocoaPods-NetworkingTests-Info.plist";
				PRODUCT_NAME = "$(TARGET_NAME)";
				TEST_HOST = "$(BUNDLE_LOADER)";
				WRAPPER_EXTENSION = xctest;
			};
			name = Release;
		};
/* End XCBuildConfiguration section */

/* Begin XCConfigurationList section */
		C97FB4CA18D80615008E29DF /* Build configuration list for PBXProject "CocoaPods-Networking" */ = {
			isa = XCConfigurationList;
			buildConfigurations = (
				C97FB50218D80615008E29DF /* Debug */,
				C97FB50318D80615008E29DF /* Release */,
			);
			defaultConfigurationIsVisible = 0;
			defaultConfigurationName = Release;
		};
		C97FB50418D80615008E29DF /* Build configuration list for PBXNativeTarget "CocoaPods-Networking" */ = {
			isa = XCConfigurationList;
			buildConfigurations = (
				C97FB50518D80615008E29DF /* Debug */,
				C97FB50618D80615008E29DF /* Release */,
			);
			defaultConfigurationIsVisible = 0;
		};
		C97FB50718D80615008E29DF /* Build configuration list for PBXNativeTarget "CocoaPods-NetworkingTests" */ = {
			isa = XCConfigurationList;
			buildConfigurations = (
				C97FB50818D80615008E29DF /* Debug */,
				C97FB50918D80615008E29DF /* Release */,
			);
			defaultConfigurationIsVisible = 0;
		};
/* End XCConfigurationList section */
	};
	rootObject = C97FB4C718D80614008E29DF /* Project object */;
}
